
Microsoft Visual Studio Solution File, Format Version 12.00
# Visual Studio Version 16
VisualStudioVersion = 16.0.32106.194
MinimumVisualStudioVersion = 10.0.40219.1
Project("{FAE04EC0-301F-11D3-BF4B-00C04F79EFBC}") = "AsyncEx", "AsyncEx\AsyncEx.csproj", "{5D563C6E-DFC6-46A1-A633-BA3C9C6FD388}"
EndProject
Global
	GlobalSection(SolutionConfigurationPlatforms) = preSolution
		Debug|Any CPU = Debug|Any CPU
		Release|Any CPU = Release|Any CPU
	EndGlobalSection
	GlobalSection(ProjectConfigurationPlatforms) = postSolution
		{5D563C6E-DFC6-46A1-A633-BA3C9C6FD388}.Debug|Any CPU.ActiveCfg = Debug|Any CPU
		{5D563C6E-DFC6-46A1-A633-BA3C9C6FD388}.Debug|Any CPU.Build.0 = Debug|Any CPU
		{5D563C6E-DFC6-46A1-A633-BA3C9C6FD388}.Release|Any CPU.ActiveCfg = Release|Any CPU
		{5D563C6E-DFC6-46A1-A633-BA3C9C6FD388}.Release|Any CPU.Build.0 = Release|Any CPU
	EndGlobalSection
	GlobalSection(SolutionProperties) = preSolution
		HideSolutionNode = FALSE
	EndGlobalSection
	GlobalSection(ExtensibilityGlobals) = postSolution
		SolutionGuid = {6BDDDDE6-E42B-4B89-81CF-58D7B5FDE3B9}
	EndGlobalSection
EndGlobal
