
Microsoft Visual Studio Solution File, Format Version 12.00
# Visual Studio 15
VisualStudioVersion = 15.0.28307.645
MinimumVisualStudioVersion = 10.0.40219.1
Project("{FAE04EC0-301F-11D3-BF4B-00C04F79EFBC}") = "CreatingGames", "CreatingGames\CreatingGames.csproj", "{6817E6A0-F9CD-4BE9-A30F-91EA5F55BE8F}"
EndProject
Global
	GlobalSection(SolutionConfigurationPlatforms) = preSolution
		Debug|Any CPU = Debug|Any CPU
		Release|Any CPU = Release|Any CPU
	EndGlobalSection
	GlobalSection(ProjectConfigurationPlatforms) = postSolution
		{6817E6A0-F9CD-4BE9-A30F-91EA5F55BE8F}.Debug|Any CPU.ActiveCfg = Debug|Any CPU
		{6817E6A0-F9CD-4BE9-A30F-91EA5F55BE8F}.Debug|Any CPU.Build.0 = Debug|Any CPU
		{6817E6A0-F9CD-4BE9-A30F-91EA5F55BE8F}.Release|Any CPU.ActiveCfg = Release|Any CPU
		{6817E6A0-F9CD-4BE9-A30F-91EA5F55BE8F}.Release|Any CPU.Build.0 = Release|Any CPU
	EndGlobalSection
	GlobalSection(SolutionProperties) = preSolution
		HideSolutionNode = FALSE
	EndGlobalSection
	GlobalSection(ExtensibilityGlobals) = postSolution
		SolutionGuid = {01C5217A-ECA2-487A-8784-A6B2590F29BB}
	EndGlobalSection
EndGlobal
